
Microsoft Visual Studio Solution File, Format Version 12.00
# Visual Studio Version 16
VisualStudioVersion = 16.0.29613.14
MinimumVisualStudioVersion = 10.0.40219.1
Project("{FAE04EC0-301F-11D3-BF4B-00C04F79EFBC}") = "Restaurant", "Restaurant.csproj", "{46C65DC6-4BB8-48EA-B6D8-D4AA9D72F5D8}"
EndProject
Project("{FAE04EC0-301F-11D3-BF4B-00C04F79EFBC}") = "Web_restaurant", "..\Web_restaurant\Web_restaurant.csproj", "{444C1F4E-57DB-4446-95AD-4D2C2689D23D}"
EndProject
Global
	GlobalSection(SolutionConfigurationPlatforms) = preSolution
		Debug|Any CPU = Debug|Any CPU
		Release|Any CPU = Release|Any CPU
	EndGlobalSection
	GlobalSection(ProjectConfigurationPlatforms) = postSolution
		{46C65DC6-4BB8-48EA-B6D8-D4AA9D72F5D8}.Debug|Any CPU.ActiveCfg = Debug|Any CPU
		{46C65DC6-4BB8-48EA-B6D8-D4AA9D72F5D8}.Debug|Any CPU.Build.0 = Debug|Any CPU
		{46C65DC6-4BB8-48EA-B6D8-D4AA9D72F5D8}.Release|Any CPU.ActiveCfg = Release|Any CPU
		{46C65DC6-4BB8-48EA-B6D8-D4AA9D72F5D8}.Release|Any CPU.Build.0 = Release|Any CPU
		{444C1F4E-57DB-4446-95AD-4D2C2689D23D}.Debug|Any CPU.ActiveCfg = Debug|Any CPU
		{444C1F4E-57DB-4446-95AD-4D2C2689D23D}.Debug|Any CPU.Build.0 = Debug|Any CPU
		{444C1F4E-57DB-4446-95AD-4D2C2689D23D}.Release|Any CPU.ActiveCfg = Release|Any CPU
		{444C1F4E-57DB-4446-95AD-4D2C2689D23D}.Release|Any CPU.Build.0 = Release|Any CPU
	EndGlobalSection
	GlobalSection(SolutionProperties) = preSolution
		HideSolutionNode = FALSE
	EndGlobalSection
	GlobalSection(ExtensibilityGlobals) = postSolution
		SolutionGuid = {1A7156FB-EC29-4ADE-BE04-3F55711497F1}
	EndGlobalSection
EndGlobal
